
Microsoft Visual Studio Solution File, Format Version 12.00
# Visual Studio Version 17
VisualStudioVersion = 17.5.33627.172
MinimumVisualStudioVersion = 10.0.40219.1
Project("{FAE04EC0-301F-11D3-BF4B-00C04F79EFBC}") = "Sommanumerilistbox", "Sommanumerilistbox\Sommanumerilistbox.csproj", "{D1219418-680B-4A5A-8DED-7E7101E4CEB6}"
EndProject
Global
	GlobalSection(SolutionConfigurationPlatforms) = preSolution
		Debug|Any CPU = Debug|Any CPU
		Release|Any CPU = Release|Any CPU
	EndGlobalSection
	GlobalSection(ProjectConfigurationPlatforms) = postSolution
		{D1219418-680B-4A5A-8DED-7E7101E4CEB6}.Debug|Any CPU.ActiveCfg = Debug|Any CPU
		{D1219418-680B-4A5A-8DED-7E7101E4CEB6}.Debug|Any CPU.Build.0 = Debug|Any CPU
		{D1219418-680B-4A5A-8DED-7E7101E4CEB6}.Release|Any CPU.ActiveCfg = Release|Any CPU
		{D1219418-680B-4A5A-8DED-7E7101E4CEB6}.Release|Any CPU.Build.0 = Release|Any CPU
	EndGlobalSection
	GlobalSection(SolutionProperties) = preSolution
		HideSolutionNode = FALSE
	EndGlobalSection
	GlobalSection(ExtensibilityGlobals) = postSolution
		SolutionGuid = {CE1265F7-4E51-4A8E-AF08-955505E1E1A6}
	EndGlobalSection
EndGlobal
